
Microsoft Visual Studio Solution File, Format Version 12.00
# Visual Studio Version 16
VisualStudioVersion = 16.0.30907.101
MinimumVisualStudioVersion = 10.0.40219.1
Project("{FAE04EC0-301F-11D3-BF4B-00C04F79EFBC}") = "EvaluacionFacundo", "EvaluacionFacundo.csproj", "{66D90FD9-BBDF-4AC5-9609-EEEA68BA0A97}"
EndProject
Global
	GlobalSection(SolutionConfigurationPlatforms) = preSolution
		Debug|Any CPU = Debug|Any CPU
		Release|Any CPU = Release|Any CPU
	EndGlobalSection
	GlobalSection(ProjectConfigurationPlatforms) = postSolution
		{66D90FD9-BBDF-4AC5-9609-EEEA68BA0A97}.Debug|Any CPU.ActiveCfg = Debug|Any CPU
		{66D90FD9-BBDF-4AC5-9609-EEEA68BA0A97}.Debug|Any CPU.Build.0 = Debug|Any CPU
		{66D90FD9-BBDF-4AC5-9609-EEEA68BA0A97}.Release|Any CPU.ActiveCfg = Release|Any CPU
		{66D90FD9-BBDF-4AC5-9609-EEEA68BA0A97}.Release|Any CPU.Build.0 = Release|Any CPU
	EndGlobalSection
	GlobalSection(SolutionProperties) = preSolution
		HideSolutionNode = FALSE
	EndGlobalSection
	GlobalSection(ExtensibilityGlobals) = postSolution
		SolutionGuid = {FB15E539-FD35-46F3-812E-7036DDA8A732}
	EndGlobalSection
EndGlobal
